
Microsoft Visual Studio Solution File, Format Version 12.00
# Visual Studio Version 17
VisualStudioVersion = 17.0.31903.59
MinimumVisualStudioVersion = 10.0.40219.1
Project("{2150E333-8FDC-42A3-9474-1A3956D46DE8}") = "src", "src", "{827E0CD3-B72D-47B6-A68D-7590B98EB39B}"
EndProject
Project("{FAE04EC0-301F-11D3-BF4B-00C04F79EFBC}") = "SharedKernel", "src\SharedKernel\SharedKernel.csproj", "{9C1C0059-9351-4CCE-A4F9-5DAA76F9C2ED}"
EndProject
Project("{FAE04EC0-301F-11D3-BF4B-00C04F79EFBC}") = "IdentityService", "src\IdentityService\IdentityService.csproj", "{8EBDD7C3-3BF5-49BC-BCDE-1172904C0035}"
EndProject
Project("{FAE04EC0-301F-11D3-BF4B-00C04F79EFBC}") = "OrganizationService", "src\OrganizationService\OrganizationService.csproj", "{565E70AE-BFA0-4CE5-806D-E83649D566B6}"
EndProject
Project("{FAE04EC0-301F-11D3-BF4B-00C04F79EFBC}") = "PatientService", "src\PatientService\PatientService.csproj", "{5FD389DF-D42E-41C5-B352-D3B997491080}"
EndProject
Project("{FAE04EC0-301F-11D3-BF4B-00C04F79EFBC}") = "DeviceService", "src\DeviceService\DeviceService.csproj", "{D0AA2CE1-18C1-49AD-B9FE-981DD080854A}"
EndProject
Project("{FAE04EC0-301F-11D3-BF4B-00C04F79EFBC}") = "VitalService", "src\VitalService\VitalService.csproj", "{E49753FE-26CD-4848-8A08-DBD6A323972B}"
EndProject
Project("{FAE04EC0-301F-11D3-BF4B-00C04F79EFBC}") = "NotificationService", "src\NotificationService\NotificationService.csproj", "{E3BE757B-70CC-4170-A1AC-A0610F5147C9}"
EndProject
Project("{FAE04EC0-301F-11D3-BF4B-00C04F79EFBC}") = "ApiGateway", "src\ApiGateway\ApiGateway.csproj", "{C834A7CB-CA6C-422A-BEA5-14FBA5A4EEFD}"
EndProject
Global
	GlobalSection(SolutionConfigurationPlatforms) = preSolution
		Debug|Any CPU = Debug|Any CPU
		Debug|x64 = Debug|x64
		Debug|x86 = Debug|x86
		Release|Any CPU = Release|Any CPU
		Release|x64 = Release|x64
		Release|x86 = Release|x86
	EndGlobalSection
	GlobalSection(ProjectConfigurationPlatforms) = postSolution
		{9C1C0059-9351-4CCE-A4F9-5DAA76F9C2ED}.Debug|Any CPU.ActiveCfg = Debug|Any CPU
		{9C1C0059-9351-4CCE-A4F9-5DAA76F9C2ED}.Debug|Any CPU.Build.0 = Debug|Any CPU
		{9C1C0059-9351-4CCE-A4F9-5DAA76F9C2ED}.Debug|x64.ActiveCfg = Debug|Any CPU
		{9C1C0059-9351-4CCE-A4F9-5DAA76F9C2ED}.Debug|x64.Build.0 = Debug|Any CPU
		{9C1C0059-9351-4CCE-A4F9-5DAA76F9C2ED}.Debug|x86.ActiveCfg = Debug|Any CPU
		{9C1C0059-9351-4CCE-A4F9-5DAA76F9C2ED}.Debug|x86.Build.0 = Debug|Any CPU
		{9C1C0059-9351-4CCE-A4F9-5DAA76F9C2ED}.Release|Any CPU.ActiveCfg = Release|Any CPU
		{9C1C0059-9351-4CCE-A4F9-5DAA76F9C2ED}.Release|Any CPU.Build.0 = Release|Any CPU
		{9C1C0059-9351-4CCE-A4F9-5DAA76F9C2ED}.Release|x64.ActiveCfg = Release|Any CPU
		{9C1C0059-9351-4CCE-A4F9-5DAA76F9C2ED}.Release|x64.Build.0 = Release|Any CPU
		{9C1C0059-9351-4CCE-A4F9-5DAA76F9C2ED}.Release|x86.ActiveCfg = Release|Any CPU
		{9C1C0059-9351-4CCE-A4F9-5DAA76F9C2ED}.Release|x86.Build.0 = Release|Any CPU
		{8EBDD7C3-3BF5-49BC-BCDE-1172904C0035}.Debug|Any CPU.ActiveCfg = Debug|Any CPU
		{8EBDD7C3-3BF5-49BC-BCDE-1172904C0035}.Debug|Any CPU.Build.0 = Debug|Any CPU
		{8EBDD7C3-3BF5-49BC-BCDE-1172904C0035}.Debug|x64.ActiveCfg = Debug|Any CPU
		{8EBDD7C3-3BF5-49BC-BCDE-1172904C0035}.Debug|x64.Build.0 = Debug|Any CPU
		{8EBDD7C3-3BF5-49BC-BCDE-1172904C0035}.Debug|x86.ActiveCfg = Debug|Any CPU
		{8EBDD7C3-3BF5-49BC-BCDE-1172904C0035}.Debug|x86.Build.0 = Debug|Any CPU
		{8EBDD7C3-3BF5-49BC-BCDE-1172904C0035}.Release|Any CPU.ActiveCfg = Release|Any CPU
		{8EBDD7C3-3BF5-49BC-BCDE-1172904C0035}.Release|Any CPU.Build.0 = Release|Any CPU
		{8EBDD7C3-3BF5-49BC-BCDE-1172904C0035}.Release|x64.ActiveCfg = Release|Any CPU
		{8EBDD7C3-3BF5-49BC-BCDE-1172904C0035}.Release|x64.Build.0 = Release|Any CPU
		{8EBDD7C3-3BF5-49BC-BCDE-1172904C0035}.Release|x86.ActiveCfg = Release|Any CPU
		{8EBDD7C3-3BF5-49BC-BCDE-1172904C0035}.Release|x86.Build.0 = Release|Any CPU
		{565E70AE-BFA0-4CE5-806D-E83649D566B6}.Debug|Any CPU.ActiveCfg = Debug|Any CPU
		{565E70AE-BFA0-4CE5-806D-E83649D566B6}.Debug|Any CPU.Build.0 = Debug|Any CPU
		{565E70AE-BFA0-4CE5-806D-E83649D566B6}.Debug|x64.ActiveCfg = Debug|Any CPU
		{565E70AE-BFA0-4CE5-806D-E83649D566B6}.Debug|x64.Build.0 = Debug|Any CPU
		{565E70AE-BFA0-4CE5-806D-E83649D566B6}.Debug|x86.ActiveCfg = Debug|Any CPU
		{565E70AE-BFA0-4CE5-806D-E83649D566B6}.Debug|x86.Build.0 = Debug|Any CPU
		{565E70AE-BFA0-4CE5-806D-E83649D566B6}.Release|Any CPU.ActiveCfg = Release|Any CPU
		{565E70AE-BFA0-4CE5-806D-E83649D566B6}.Release|Any CPU.Build.0 = Release|Any CPU
		{565E70AE-BFA0-4CE5-806D-E83649D566B6}.Release|x64.ActiveCfg = Release|Any CPU
		{565E70AE-BFA0-4CE5-806D-E83649D566B6}.Release|x64.Build.0 = Release|Any CPU
		{565E70AE-BFA0-4CE5-806D-E83649D566B6}.Release|x86.ActiveCfg = Release|Any CPU
		{565E70AE-BFA0-4CE5-806D-E83649D566B6}.Release|x86.Build.0 = Release|Any CPU
		{5FD389DF-D42E-41C5-B352-D3B997491080}.Debug|Any CPU.ActiveCfg = Debug|Any CPU
		{5FD389DF-D42E-41C5-B352-D3B997491080}.Debug|Any CPU.Build.0 = Debug|Any CPU
		{5FD389DF-D42E-41C5-B352-D3B997491080}.Debug|x64.ActiveCfg = Debug|Any CPU
		{5FD389DF-D42E-41C5-B352-D3B997491080}.Debug|x64.Build.0 = Debug|Any CPU
		{5FD389DF-D42E-41C5-B352-D3B997491080}.Debug|x86.ActiveCfg = Debug|Any CPU
		{5FD389DF-D42E-41C5-B352-D3B997491080}.Debug|x86.Build.0 = Debug|Any CPU
		{5FD389DF-D42E-41C5-B352-D3B997491080}.Release|Any CPU.ActiveCfg = Release|Any CPU
		{5FD389DF-D42E-41C5-B352-D3B997491080}.Release|Any CPU.Build.0 = Release|Any CPU
		{5FD389DF-D42E-41C5-B352-D3B997491080}.Release|x64.ActiveCfg = Release|Any CPU
		{5FD389DF-D42E-41C5-B352-D3B997491080}.Release|x64.Build.0 = Release|Any CPU
		{5FD389DF-D42E-41C5-B352-D3B997491080}.Release|x86.ActiveCfg = Release|Any CPU
		{5FD389DF-D42E-41C5-B352-D3B997491080}.Release|x86.Build.0 = Release|Any CPU
		{D0AA2CE1-18C1-49AD-B9FE-981DD080854A}.Debug|Any CPU.ActiveCfg = Debug|Any CPU
		{D0AA2CE1-18C1-49AD-B9FE-981DD080854A}.Debug|Any CPU.Build.0 = Debug|Any CPU
		{D0AA2CE1-18C1-49AD-B9FE-981DD080854A}.Debug|x64.ActiveCfg = Debug|Any CPU
		{D0AA2CE1-18C1-49AD-B9FE-981DD080854A}.Debug|x64.Build.0 = Debug|Any CPU
		{D0AA2CE1-18C1-49AD-B9FE-981DD080854A}.Debug|x86.ActiveCfg = Debug|Any CPU
		{D0AA2CE1-18C1-49AD-B9FE-981DD080854A}.Debug|x86.Build.0 = Debug|Any CPU
		{D0AA2CE1-18C1-49AD-B9FE-981DD080854A}.Release|Any CPU.ActiveCfg = Release|Any CPU
		{D0AA2CE1-18C1-49AD-B9FE-981DD080854A}.Release|Any CPU.Build.0 = Release|Any CPU
		{D0AA2CE1-18C1-49AD-B9FE-981DD080854A}.Release|x64.ActiveCfg = Release|Any CPU
		{D0AA2CE1-18C1-49AD-B9FE-981DD080854A}.Release|x64.Build.0 = Release|Any CPU
		{D0AA2CE1-18C1-49AD-B9FE-981DD080854A}.Release|x86.ActiveCfg = Release|Any CPU
		{D0AA2CE1-18C1-49AD-B9FE-981DD080854A}.Release|x86.Build.0 = Release|Any CPU
		{E49753FE-26CD-4848-8A08-DBD6A323972B}.Debug|Any CPU.ActiveCfg = Debug|Any CPU
		{E49753FE-26CD-4848-8A08-DBD6A323972B}.Debug|Any CPU.Build.0 = Debug|Any CPU
		{E49753FE-26CD-4848-8A08-DBD6A323972B}.Debug|x64.ActiveCfg = Debug|Any CPU
		{E49753FE-26CD-4848-8A08-DBD6A323972B}.Debug|x64.Build.0 = Debug|Any CPU
		{E49753FE-26CD-4848-8A08-DBD6A323972B}.Debug|x86.ActiveCfg = Debug|Any CPU
		{E49753FE-26CD-4848-8A08-DBD6A323972B}.Debug|x86.Build.0 = Debug|Any CPU
		{E49753FE-26CD-4848-8A08-DBD6A323972B}.Release|Any CPU.ActiveCfg = Release|Any CPU
		{E49753FE-26CD-4848-8A08-DBD6A323972B}.Release|Any CPU.Build.0 = Release|Any CPU
		{E49753FE-26CD-4848-8A08-DBD6A323972B}.Release|x64.ActiveCfg = Release|Any CPU
		{E49753FE-26CD-4848-8A08-DBD6A323972B}.Release|x64.Build.0 = Release|Any CPU
		{E49753FE-26CD-4848-8A08-DBD6A323972B}.Release|x86.ActiveCfg = Release|Any CPU
		{E49753FE-26CD-4848-8A08-DBD6A323972B}.Release|x86.Build.0 = Release|Any CPU
		{E3BE757B-70CC-4170-A1AC-A0610F5147C9}.Debug|Any CPU.ActiveCfg = Debug|Any CPU
		{E3BE757B-70CC-4170-A1AC-A0610F5147C9}.Debug|Any CPU.Build.0 = Debug|Any CPU
		{E3BE757B-70CC-4170-A1AC-A0610F5147C9}.Debug|x64.ActiveCfg = Debug|Any CPU
		{E3BE757B-70CC-4170-A1AC-A0610F5147C9}.Debug|x64.Build.0 = Debug|Any CPU
		{E3BE757B-70CC-4170-A1AC-A0610F5147C9}.Debug|x86.ActiveCfg = Debug|Any CPU
		{E3BE757B-70CC-4170-A1AC-A0610F5147C9}.Debug|x86.Build.0 = Debug|Any CPU
		{E3BE757B-70CC-4170-A1AC-A0610F5147C9}.Release|Any CPU.ActiveCfg = Release|Any CPU
		{E3BE757B-70CC-4170-A1AC-A0610F5147C9}.Release|Any CPU.Build.0 = Release|Any CPU
		{E3BE757B-70CC-4170-A1AC-A0610F5147C9}.Release|x64.ActiveCfg = Release|Any CPU
		{E3BE757B-70CC-4170-A1AC-A0610F5147C9}.Release|x64.Build.0 = Release|Any CPU
		{E3BE757B-70CC-4170-A1AC-A0610F5147C9}.Release|x86.ActiveCfg = Release|Any CPU
		{E3BE757B-70CC-4170-A1AC-A0610F5147C9}.Release|x86.Build.0 = Release|Any CPU
		{C834A7CB-CA6C-422A-BEA5-14FBA5A4EEFD}.Debug|Any CPU.ActiveCfg = Debug|Any CPU
		{C834A7CB-CA6C-422A-BEA5-14FBA5A4EEFD}.Debug|Any CPU.Build.0 = Debug|Any CPU
		{C834A7CB-CA6C-422A-BEA5-14FBA5A4EEFD}.Debug|x64.ActiveCfg = Debug|Any CPU
		{C834A7CB-CA6C-422A-BEA5-14FBA5A4EEFD}.Debug|x64.Build.0 = Debug|Any CPU
		{C834A7CB-CA6C-422A-BEA5-14FBA5A4EEFD}.Debug|x86.ActiveCfg = Debug|Any CPU
		{C834A7CB-CA6C-422A-BEA5-14FBA5A4EEFD}.Debug|x86.Build.0 = Debug|Any CPU
		{C834A7CB-CA6C-422A-BEA5-14FBA5A4EEFD}.Release|Any CPU.ActiveCfg = Release|Any CPU
		{C834A7CB-CA6C-422A-BEA5-14FBA5A4EEFD}.Release|Any CPU.Build.0 = Release|Any CPU
		{C834A7CB-CA6C-422A-BEA5-14FBA5A4EEFD}.Release|x64.ActiveCfg = Release|Any CPU
		{C834A7CB-CA6C-422A-BEA5-14FBA5A4EEFD}.Release|x64.Build.0 = Release|Any CPU
		{C834A7CB-CA6C-422A-BEA5-14FBA5A4EEFD}.Release|x86.ActiveCfg = Release|Any CPU
		{C834A7CB-CA6C-422A-BEA5-14FBA5A4EEFD}.Release|x86.Build.0 = Release|Any CPU
	EndGlobalSection
	GlobalSection(SolutionProperties) = preSolution
		HideSolutionNode = FALSE
	EndGlobalSection
	GlobalSection(NestedProjects) = preSolution
		{9C1C0059-9351-4CCE-A4F9-5DAA76F9C2ED} = {827E0CD3-B72D-47B6-A68D-7590B98EB39B}
		{8EBDD7C3-3BF5-49BC-BCDE-1172904C0035} = {827E0CD3-B72D-47B6-A68D-7590B98EB39B}
		{565E70AE-BFA0-4CE5-806D-E83649D566B6} = {827E0CD3-B72D-47B6-A68D-7590B98EB39B}
		{5FD389DF-D42E-41C5-B352-D3B997491080} = {827E0CD3-B72D-47B6-A68D-7590B98EB39B}
		{D0AA2CE1-18C1-49AD-B9FE-981DD080854A} = {827E0CD3-B72D-47B6-A68D-7590B98EB39B}
		{E49753FE-26CD-4848-8A08-DBD6A323972B} = {827E0CD3-B72D-47B6-A68D-7590B98EB39B}
		{E3BE757B-70CC-4170-A1AC-A0610F5147C9} = {827E0CD3-B72D-47B6-A68D-7590B98EB39B}
		{C834A7CB-CA6C-422A-BEA5-14FBA5A4EEFD} = {827E0CD3-B72D-47B6-A68D-7590B98EB39B}
	EndGlobalSection
EndGlobal
